// !$*UTF8*$!
{
	archiveVersion = 1;
	classes = {
	};
	objectVersion = 46;
	objects = {

/* Begin PBXAggregateTarget section */
		45906AA618D246D5008BC71D /* All */ = {
			isa = PBXAggregateTarget;
			buildConfigurationList = 45906AA918D246D5008BC71D /* Build configuration list for PBXAggregateTarget "All" */;
			buildPhases = (
			);
			dependencies = (
				45906AAB18D246DE008BC71D /* PBXTargetDependency */,
			);
			name = All;
			productName = All;
		};
/* End PBXAggregateTarget section */

/* Begin PBXBuildFile section */
		4502ECF918D232130054451D /* Foundation.framework in Frameworks */ = {isa = PBXBuildFile; fileRef = 4502ECF818D232130054451D /* Foundation.framework */; };
		4502ECFB18D232130054451D /* CoreGraphics.framework in Frameworks */ = {isa = PBXBuildFile; fileRef = 4502ECFA18D232130054451D /* CoreGraphics.framework */; };
		4502ECFD18D232130054451D /* UIKit.framework in Frameworks */ = {isa = PBXBuildFile; fileRef = 4502ECFC18D232130054451D /* UIKit.framework */; };
		4502ED0318D232130054451D /* InfoPlist.strings in Resources */ = {isa = PBXBuildFile; fileRef = 4502ED0118D232130054451D /* InfoPlist.strings */; };
		4502ED0518D232130054451D /* main.m in Sources */ = {isa = PBXBuildFile; fileRef = 4502ED0418D232130054451D /* main.m */; };
		4502ED0918D232130054451D /* NIMAppDelegate.m in Sources */ = {isa = PBXBuildFile; fileRef = 4502ED0818D232130054451D /* NIMAppDelegate.m */; };
		4502ED0C18D232130054451D /* Main.storyboard in Resources */ = {isa = PBXBuildFile; fileRef = 4502ED0A18D232130054451D /* Main.storyboard */; };
		4502ED0F18D232140054451D /* NIMViewController.m in Sources */ = {isa = PBXBuildFile; fileRef = 4502ED0E18D232140054451D /* NIMViewController.m */; };
		4502ED1118D232140054451D /* Images.xcassets in Resources */ = {isa = PBXBuildFile; fileRef = 4502ED1018D232140054451D /* Images.xcassets */; };
		4502ED1818D232140054451D /* XCTest.framework in Frameworks */ = {isa = PBXBuildFile; fileRef = 4502ED1718D232140054451D /* XCTest.framework */; };
		4502ED1918D232140054451D /* Foundation.framework in Frameworks */ = {isa = PBXBuildFile; fileRef = 4502ECF818D232130054451D /* Foundation.framework */; };
		4502ED1A18D232140054451D /* UIKit.framework in Frameworks */ = {isa = PBXBuildFile; fileRef = 4502ECFC18D232130054451D /* UIKit.framework */; };
		4502ED2218D232140054451D /* InfoPlist.strings in Resources */ = {isa = PBXBuildFile; fileRef = 4502ED2018D232140054451D /* InfoPlist.strings */; };
		4502ED2418D232140054451D /* UnitTests.m in Sources */ = {isa = PBXBuildFile; fileRef = 4502ED2318D232140054451D /* UnitTests.m */; };
		45906A9F18D2468B008BC71D /* CMarkupValueTransformer.m in Sources */ = {isa = PBXBuildFile; fileRef = 45906A9018D2468B008BC71D /* CMarkupValueTransformer.m */; };
		45906AA018D2468B008BC71D /* CSimpleMarkupParser.m in Sources */ = {isa = PBXBuildFile; fileRef = 45906A9218D2468B008BC71D /* CSimpleMarkupParser.m */; };
		45906AA118D2468B008BC71D /* NSAttributedString+MarkupExtensions.m in Sources */ = {isa = PBXBuildFile; fileRef = 45906A9418D2468B008BC71D /* NSAttributedString+MarkupExtensions.m */; };
		45906AA218D2468B008BC71D /* NSScanner+MarkupExtensions.m in Sources */ = {isa = PBXBuildFile; fileRef = 45906A9618D2468B008BC71D /* NSScanner+MarkupExtensions.m */; };
		45906AA318D2468B008BC71D /* NSString+MarkupExtensions.m in Sources */ = {isa = PBXBuildFile; fileRef = 45906A9818D2468B008BC71D /* NSString+MarkupExtensions.m */; };
		45906AA418D2468B008BC71D /* UIFont+StyleUtilities.m in Sources */ = {isa = PBXBuildFile; fileRef = 45906A9B18D2468B008BC71D /* UIFont+StyleUtilities.m */; };
		45906AA518D2468B008BC71D /* UILabel+MarkupExtensions.m in Sources */ = {isa = PBXBuildFile; fileRef = 45906A9D18D2468B008BC71D /* UILabel+MarkupExtensions.m */; };
		45906AAE18D24984008BC71D /* CColorConverter.m in Sources */ = {isa = PBXBuildFile; fileRef = 45906AAD18D24984008BC71D /* CColorConverter.m */; };
/* End PBXBuildFile section */

/* Begin PBXContainerItemProxy section */
		4502ED1B18D232140054451D /* PBXContainerItemProxy */ = {
			isa = PBXContainerItemProxy;
			containerPortal = 4502ECED18D232130054451D /* Project object */;
			proxyType = 1;
			remoteGlobalIDString = 4502ECF418D232130054451D;
			remoteInfo = CoreTextHTML;
		};
		45906AAA18D246DE008BC71D /* PBXContainerItemProxy */ = {
			isa = PBXContainerItemProxy;
			containerPortal = 4502ECED18D232130054451D /* Project object */;
			proxyType = 1;
			remoteGlobalIDString = 4502ECF418D232130054451D;
			remoteInfo = MarkupLabel;
		};
/* End PBXContainerItemProxy section */

/* Begin PBXFileReference section */
		4502ECF518D232130054451D /* MarkupLabel.app */ = {isa = PBXFileReference; explicitFileType = wrapper.application; includeInIndex = 0; path = MarkupLabel.app; sourceTree = BUILT_PRODUCTS_DIR; };
		4502ECF818D232130054451D /* Foundation.framework */ = {isa = PBXFileReference; lastKnownFileType = wrapper.framework; name = Foundation.framework; path = System/Library/Frameworks/Foundation.framework; sourceTree = SDKROOT; };
		4502ECFA18D232130054451D /* CoreGraphics.framework */ = {isa = PBXFileReference; lastKnownFileType = wrapper.framework; name = CoreGraphics.framework; path = System/Library/Frameworks/CoreGraphics.framework; sourceTree = SDKROOT; };
		4502ECFC18D232130054451D /* UIKit.framework */ = {isa = PBXFileReference; lastKnownFileType = wrapper.framework; name = UIKit.framework; path = System/Library/Frameworks/UIKit.framework; sourceTree = SDKROOT; };
		4502ED0018D232130054451D /* Info.plist */ = {isa = PBXFileReference; lastKnownFileType = text.plist.xml; path = Info.plist; sourceTree = "<group>"; };
		4502ED0218D232130054451D /* en */ = {isa = PBXFileReference; lastKnownFileType = text.plist.strings; name = en; path = en.lproj/InfoPlist.strings; sourceTree = "<group>"; };
		4502ED0418D232130054451D /* main.m */ = {isa = PBXFileReference; lastKnownFileType = sourcecode.c.objc; path = main.m; sourceTree = "<group>"; };
		4502ED0618D232130054451D /* Prefix.pch */ = {isa = PBXFileReference; lastKnownFileType = sourcecode.c.h; path = Prefix.pch; sourceTree = "<group>"; };
		4502ED0718D232130054451D /* NIMAppDelegate.h */ = {isa = PBXFileReference; lastKnownFileType = sourcecode.c.h; path = NIMAppDelegate.h; sourceTree = "<group>"; };
		4502ED0818D232130054451D /* NIMAppDelegate.m */ = {isa = PBXFileReference; lastKnownFileType = sourcecode.c.objc; path = NIMAppDelegate.m; sourceTree = "<group>"; };
		4502ED0B18D232130054451D /* Base */ = {isa = PBXFileReference; lastKnownFileType = file.storyboard; name = Base; path = Base.lproj/Main.storyboard; sourceTree = "<group>"; };
		4502ED0D18D232130054451D /* NIMViewController.h */ = {isa = PBXFileReference; lastKnownFileType = sourcecode.c.h; path = NIMViewController.h; sourceTree = "<group>"; };
		4502ED0E18D232140054451D /* NIMViewController.m */ = {isa = PBXFileReference; lastKnownFileType = sourcecode.c.objc; path = NIMViewController.m; sourceTree = "<group>"; };
		4502ED1018D232140054451D /* Images.xcassets */ = {isa = PBXFileReference; lastKnownFileType = folder.assetcatalog; path = Images.xcassets; sourceTree = "<group>"; };
		4502ED1618D232140054451D /* MarkupLabelTests.xctest */ = {isa = PBXFileReference; explicitFileType = wrapper.cfbundle; includeInIndex = 0; path = MarkupLabelTests.xctest; sourceTree = BUILT_PRODUCTS_DIR; };
		4502ED1718D232140054451D /* XCTest.framework */ = {isa = PBXFileReference; lastKnownFileType = wrapper.framework; name = XCTest.framework; path = Library/Frameworks/XCTest.framework; sourceTree = DEVELOPER_DIR; };
		4502ED1F18D232140054451D /* MarkupLabelTests-Info.plist */ = {isa = PBXFileReference; lastKnownFileType = text.plist.info; path = "MarkupLabelTests-Info.plist"; sourceTree = "<group>"; };
		4502ED2118D232140054451D /* en */ = {isa = PBXFileReference; lastKnownFileType = text.plist.strings; name = en; path = en.lproj/InfoPlist.strings; sourceTree = "<group>"; };
		4502ED2318D232140054451D /* UnitTests.m */ = {isa = PBXFileReference; lastKnownFileType = sourcecode.c.objc; path = UnitTests.m; sourceTree = "<group>"; };
		45906A8F18D2468B008BC71D /* CMarkupValueTransformer.h */ = {isa = PBXFileReference; fileEncoding = 4; lastKnownFileType = sourcecode.c.h; path = CMarkupValueTransformer.h; sourceTree = "<group>"; };
		45906A9018D2468B008BC71D /* CMarkupValueTransformer.m */ = {isa = PBXFileReference; fileEncoding = 4; lastKnownFileType = sourcecode.c.objc; path = CMarkupValueTransformer.m; sourceTree = "<group>"; };
		45906A9118D2468B008BC71D /* CSimpleMarkupParser.h */ = {isa = PBXFileReference; fileEncoding = 4; lastKnownFileType = sourcecode.c.h; path = CSimpleMarkupParser.h; sourceTree = "<group>"; };
		45906A9218D2468B008BC71D /* CSimpleMarkupParser.m */ = {isa = PBXFileReference; fileEncoding = 4; lastKnownFileType = sourcecode.c.objc; path = CSimpleMarkupParser.m; sourceTree = "<group>"; };
		45906A9318D2468B008BC71D /* NSAttributedString+MarkupExtensions.h */ = {isa = PBXFileReference; fileEncoding = 4; lastKnownFileType = sourcecode.c.h; path = "NSAttributedString+MarkupExtensions.h"; sourceTree = "<group>"; };
		45906A9418D2468B008BC71D /* NSAttributedString+MarkupExtensions.m */ = {isa = PBXFileReference; fileEncoding = 4; lastKnownFileType = sourcecode.c.objc; path = "NSAttributedString+MarkupExtensions.m"; sourceTree = "<group>"; };
		45906A9518D2468B008BC71D /* NSScanner+MarkupExtensions.h */ = {isa = PBXFileReference; fileEncoding = 4; lastKnownFileType = sourcecode.c.h; path = "NSScanner+MarkupExtensions.h"; sourceTree = "<group>"; };
		45906A9618D2468B008BC71D /* NSScanner+MarkupExtensions.m */ = {isa = PBXFileReference; fileEncoding = 4; lastKnownFileType = sourcecode.c.objc; path = "NSScanner+MarkupExtensions.m"; sourceTree = "<group>"; };
		45906A9718D2468B008BC71D /* NSString+MarkupExtensions.h */ = {isa = PBXFileReference; fileEncoding = 4; lastKnownFileType = sourcecode.c.h; path = "NSString+MarkupExtensions.h"; sourceTree = "<group>"; };
		45906A9818D2468B008BC71D /* NSString+MarkupExtensions.m */ = {isa = PBXFileReference; fileEncoding = 4; lastKnownFileType = sourcecode.c.objc; path = "NSString+MarkupExtensions.m"; sourceTree = "<group>"; };
		45906A9A18D2468B008BC71D /* UIFont+StyleUtilities.h */ = {isa = PBXFileReference; fileEncoding = 4; lastKnownFileType = sourcecode.c.h; path = "UIFont+StyleUtilities.h"; sourceTree = "<group>"; };
		45906A9B18D2468B008BC71D /* UIFont+StyleUtilities.m */ = {isa = PBXFileReference; fileEncoding = 4; lastKnownFileType = sourcecode.c.objc; path = "UIFont+StyleUtilities.m"; sourceTree = "<group>"; };
		45906A9C18D2468B008BC71D /* UILabel+MarkupExtensions.h */ = {isa = PBXFileReference; fileEncoding = 4; lastKnownFileType = sourcecode.c.h; path = "UILabel+MarkupExtensions.h"; sourceTree = "<group>"; };
		45906A9D18D2468B008BC71D /* UILabel+MarkupExtensions.m */ = {isa = PBXFileReference; fileEncoding = 4; lastKnownFileType = sourcecode.c.objc; path = "UILabel+MarkupExtensions.m"; sourceTree = "<group>"; };
		45906AAC18D24984008BC71D /* CColorConverter.h */ = {isa = PBXFileReference; fileEncoding = 4; lastKnownFileType = sourcecode.c.h; path = CColorConverter.h; sourceTree = "<group>"; };
		45906AAD18D24984008BC71D /* CColorConverter.m */ = {isa = PBXFileReference; fileEncoding = 4; lastKnownFileType = sourcecode.c.objc; path = CColorConverter.m; sourceTree = "<group>"; };
/* End PBXFileReference section */

/* Begin PBXFrameworksBuildPhase section */
		4502ECF218D232130054451D /* Frameworks */ = {
			isa = PBXFrameworksBuildPhase;
			buildActionMask = 2147483647;
			files = (
				4502ECFB18D232130054451D /* CoreGraphics.framework in Frameworks */,
				4502ECFD18D232130054451D /* UIKit.framework in Frameworks */,
				4502ECF918D232130054451D /* Foundation.framework in Frameworks */,
			);
			runOnlyForDeploymentPostprocessing = 0;
		};
		4502ED1318D232140054451D /* Frameworks */ = {
			isa = PBXFrameworksBuildPhase;
			buildActionMask = 2147483647;
			files = (
				4502ED1818D232140054451D /* XCTest.framework in Frameworks */,
				4502ED1A18D232140054451D /* UIKit.framework in Frameworks */,
				4502ED1918D232140054451D /* Foundation.framework in Frameworks */,
			);
			runOnlyForDeploymentPostprocessing = 0;
		};
/* End PBXFrameworksBuildPhase section */

/* Begin PBXGroup section */
		4502ECEC18D232130054451D = {
			isa = PBXGroup;
			children = (
				45906A8C18D2468B008BC71D /* Source */,
				4502ECFE18D232130054451D /* MarkupLabel */,
				4502ED1D18D232140054451D /* MarkupLabelTests */,
				4502ECF718D232130054451D /* Frameworks */,
				4502ECF618D232130054451D /* Products */,
			);
			sourceTree = "<group>";
		};
		4502ECF618D232130054451D /* Products */ = {
			isa = PBXGroup;
			children = (
				4502ECF518D232130054451D /* MarkupLabel.app */,
				4502ED1618D232140054451D /* MarkupLabelTests.xctest */,
			);
			name = Products;
			sourceTree = "<group>";
		};
		4502ECF718D232130054451D /* Frameworks */ = {
			isa = PBXGroup;
			children = (
				4502ECF818D232130054451D /* Foundation.framework */,
				4502ECFA18D232130054451D /* CoreGraphics.framework */,
				4502ECFC18D232130054451D /* UIKit.framework */,
				4502ED1718D232140054451D /* XCTest.framework */,
			);
			name = Frameworks;
			sourceTree = "<group>";
		};
		4502ECFE18D232130054451D /* MarkupLabel */ = {
			isa = PBXGroup;
			children = (
				4502ED0718D232130054451D /* NIMAppDelegate.h */,
				4502ED0818D232130054451D /* NIMAppDelegate.m */,
				4502ED0A18D232130054451D /* Main.storyboard */,
				4502ED0D18D232130054451D /* NIMViewController.h */,
				4502ED0E18D232140054451D /* NIMViewController.m */,
				4502ED1018D232140054451D /* Images.xcassets */,
				4502ECFF18D232130054451D /* Supporting Files */,
			);
			path = MarkupLabel;
			sourceTree = "<group>";
		};
		4502ECFF18D232130054451D /* Supporting Files */ = {
			isa = PBXGroup;
			children = (
				4502ED0018D232130054451D /* Info.plist */,
				4502ED0118D232130054451D /* InfoPlist.strings */,
				4502ED0418D232130054451D /* main.m */,
				4502ED0618D232130054451D /* Prefix.pch */,
			);
			name = "Supporting Files";
			sourceTree = "<group>";
		};
		4502ED1D18D232140054451D /* MarkupLabelTests */ = {
			isa = PBXGroup;
			children = (
				4502ED2318D232140054451D /* UnitTests.m */,
				4502ED1E18D232140054451D /* Supporting Files */,
			);
			path = MarkupLabelTests;
			sourceTree = "<group>";
		};
		4502ED1E18D232140054451D /* Supporting Files */ = {
			isa = PBXGroup;
			children = (
				4502ED1F18D232140054451D /* MarkupLabelTests-Info.plist */,
				4502ED2018D232140054451D /* InfoPlist.strings */,
			);
			name = "Supporting Files";
			sourceTree = "<group>";
		};
		45906A8C18D2468B008BC71D /* Source */ = {
			isa = PBXGroup;
			children = (
				45906A8F18D2468B008BC71D /* CMarkupValueTransformer.h */,
				45906A9018D2468B008BC71D /* CMarkupValueTransformer.m */,
				45906A9118D2468B008BC71D /* CSimpleMarkupParser.h */,
				45906A9218D2468B008BC71D /* CSimpleMarkupParser.m */,
				45906A9318D2468B008BC71D /* NSAttributedString+MarkupExtensions.h */,
				45906A9418D2468B008BC71D /* NSAttributedString+MarkupExtensions.m */,
				45906A9518D2468B008BC71D /* NSScanner+MarkupExtensions.h */,
				45906A9618D2468B008BC71D /* NSScanner+MarkupExtensions.m */,
				45906A9718D2468B008BC71D /* NSString+MarkupExtensions.h */,
				45906A9818D2468B008BC71D /* NSString+MarkupExtensions.m */,
				45906A9A18D2468B008BC71D /* UIFont+StyleUtilities.h */,
				45906A9B18D2468B008BC71D /* UIFont+StyleUtilities.m */,
				45906A9C18D2468B008BC71D /* UILabel+MarkupExtensions.h */,
				45906A9D18D2468B008BC71D /* UILabel+MarkupExtensions.m */,
				45906AAC18D24984008BC71D /* CColorConverter.h */,
				45906AAD18D24984008BC71D /* CColorConverter.m */,
			);
			path = Source;
			sourceTree = "<group>";
		};
/* End PBXGroup section */

/* Begin PBXNativeTarget section */
		4502ECF418D232130054451D /* MarkupLabel */ = {
			isa = PBXNativeTarget;
			buildConfigurationList = 4502ED2718D232140054451D /* Build configuration list for PBXNativeTarget "MarkupLabel" */;
			buildPhases = (
				4502ECF118D232130054451D /* Sources */,
				4502ECF218D232130054451D /* Frameworks */,
				4502ECF318D232130054451D /* Resources */,
			);
			buildRules = (
			);
			dependencies = (
			);
			name = MarkupLabel;
			productName = CoreTextHTML;
			productReference = 4502ECF518D232130054451D /* MarkupLabel.app */;
			productType = "com.apple.product-type.application";
		};
		4502ED1518D232140054451D /* MarkupLabelTests */ = {
			isa = PBXNativeTarget;
			buildConfigurationList = 4502ED2A18D232140054451D /* Build configuration list for PBXNativeTarget "MarkupLabelTests" */;
			buildPhases = (
				4502ED1218D232140054451D /* Sources */,
				4502ED1318D232140054451D /* Frameworks */,
				4502ED1418D232140054451D /* Resources */,
			);
			buildRules = (
			);
			dependencies = (
				4502ED1C18D232140054451D /* PBXTargetDependency */,
			);
			name = MarkupLabelTests;
			productName = CoreTextHTMLTests;
			productReference = 4502ED1618D232140054451D /* MarkupLabelTests.xctest */;
			productType = "com.apple.product-type.bundle.unit-test";
		};
/* End PBXNativeTarget section */

/* Begin PBXProject section */
		4502ECED18D232130054451D /* Project object */ = {
			isa = PBXProject;
			attributes = {
				CLASSPREFIX = NIM;
				LastUpgradeCheck = 0510;
				ORGANIZATIONNAME = schwa;
				TargetAttributes = {
					4502ED1518D232140054451D = {
						TestTargetID = 4502ECF418D232130054451D;
					};
				};
			};
			buildConfigurationList = 4502ECF018D232130054451D /* Build configuration list for PBXProject "MarkupLabel" */;
			compatibilityVersion = "Xcode 3.2";
			developmentRegion = English;
			hasScannedForEncodings = 0;
			knownRegions = (
				en,
				Base,
			);
			mainGroup = 4502ECEC18D232130054451D;
			productRefGroup = 4502ECF618D232130054451D /* Products */;
			projectDirPath = "";
			projectRoot = "";
			targets = (
				45906AA618D246D5008BC71D /* All */,
				4502ECF418D232130054451D /* MarkupLabel */,
				4502ED1518D232140054451D /* MarkupLabelTests */,
			);
		};
/* End PBXProject section */

/* Begin PBXResourcesBuildPhase section */
		4502ECF318D232130054451D /* Resources */ = {
			isa = PBXResourcesBuildPhase;
			buildActionMask = 2147483647;
			files = (
				4502ED1118D232140054451D /* Images.xcassets in Resources */,
				4502ED0318D232130054451D /* InfoPlist.strings in Resources */,
				4502ED0C18D232130054451D /* Main.storyboard in Resources */,
			);
			runOnlyForDeploymentPostprocessing = 0;
		};
		4502ED1418D232140054451D /* Resources */ = {
			isa = PBXResourcesBuildPhase;
			buildActionMask = 2147483647;
			files = (
				4502ED2218D232140054451D /* InfoPlist.strings in Resources */,
			);
			runOnlyForDeploymentPostprocessing = 0;
		};
/* End PBXResourcesBuildPhase section */

/* Begin PBXSourcesBuildPhase section */
		4502ECF118D232130054451D /* Sources */ = {
			isa = PBXSourcesBuildPhase;
			buildActionMask = 2147483647;
			files = (
				4502ED0518D232130054451D /* main.m in Sources */,
				45906AAE18D24984008BC71D /* CColorConverter.m in Sources */,
				45906AA018D2468B008BC71D /* CSimpleMarkupParser.m in Sources */,
				45906AA418D2468B008BC71D /* UIFont+StyleUtilities.m in Sources */,
				45906A9F18D2468B008BC71D /* CMarkupValueTransformer.m in Sources */,
				4502ED0F18D232140054451D /* NIMViewController.m in Sources */,
				45906AA218D2468B008BC71D /* NSScanner+MarkupExtensions.m in Sources */,
				45906AA318D2468B008BC71D /* NSString+MarkupExtensions.m in Sources */,
				4502ED0918D232130054451D /* NIMAppDelegate.m in Sources */,
				45906AA518D2468B008BC71D /* UILabel+MarkupExtensions.m in Sources */,
				45906AA118D2468B008BC71D /* NSAttributedString+MarkupExtensions.m in Sources */,
			);
			runOnlyForDeploymentPostprocessing = 0;
		};
		4502ED1218D232140054451D /* Sources */ = {
			isa = PBXSourcesBuildPhase;
			buildActionMask = 2147483647;
			files = (
				4502ED2418D232140054451D /* UnitTests.m in Sources */,
			);
			runOnlyForDeploymentPostprocessing = 0;
		};
/* End PBXSourcesBuildPhase section */

/* Begin PBXTargetDependency section */
		4502ED1C18D232140054451D /* PBXTargetDependency */ = {
			isa = PBXTargetDependency;
			target = 4502ECF418D232130054451D /* MarkupLabel */;
			targetProxy = 4502ED1B18D232140054451D /* PBXContainerItemProxy */;
		};
		45906AAB18D246DE008BC71D /* PBXTargetDependency */ = {
			isa = PBXTargetDependency;
			target = 4502ECF418D232130054451D /* MarkupLabel */;
			targetProxy = 45906AAA18D246DE008BC71D /* PBXContainerItemProxy */;
		};
/* End PBXTargetDependency section */

/* Begin PBXVariantGroup section */
		4502ED0118D232130054451D /* InfoPlist.strings */ = {
			isa = PBXVariantGroup;
			children = (
				4502ED0218D232130054451D /* en */,
			);
			name = InfoPlist.strings;
			sourceTree = "<group>";
		};
		4502ED0A18D232130054451D /* Main.storyboard */ = {
			isa = PBXVariantGroup;
			children = (
				4502ED0B18D232130054451D /* Base */,
			);
			name = Main.storyboard;
			sourceTree = "<group>";
		};
		4502ED2018D232140054451D /* InfoPlist.strings */ = {
			isa = PBXVariantGroup;
			children = (
				4502ED2118D232140054451D /* en */,
			);
			name = InfoPlist.strings;
			sourceTree = "<group>";
		};
/* End PBXVariantGroup section */

/* Begin XCBuildConfiguration section */
		4502ED2518D232140054451D /* Debug */ = {
			isa = XCBuildConfiguration;
			buildSettings = {
				ALWAYS_SEARCH_USER_PATHS = NO;
				CLANG_CXX_LANGUAGE_STANDARD = "gnu++0x";
				CLANG_CXX_LIBRARY = "libc++";
				CLANG_ENABLE_MODULES = YES;
				CLANG_ENABLE_OBJC_ARC = YES;
				CLANG_WARN_BOOL_CONVERSION = YES;
				CLANG_WARN_CONSTANT_CONVERSION = YES;
				CLANG_WARN_DIRECT_OBJC_ISA_USAGE = YES_ERROR;
				CLANG_WARN_EMPTY_BODY = YES;
				CLANG_WARN_ENUM_CONVERSION = YES;
				CLANG_WARN_INT_CONVERSION = YES;
				CLANG_WARN_OBJC_ROOT_CLASS = YES_ERROR;
				CLANG_WARN__DUPLICATE_METHOD_MATCH = YES;
				"CODE_SIGN_IDENTITY[sdk=iphoneos*]" = "iPhone Developer";
				COPY_PHASE_STRIP = NO;
				GCC_C_LANGUAGE_STANDARD = gnu99;
				GCC_DYNAMIC_NO_PIC = NO;
				GCC_OPTIMIZATION_LEVEL = 0;
				GCC_PREPROCESSOR_DEFINITIONS = (
					"DEBUG=1",
					"$(inherited)",
				);
				GCC_SYMBOLS_PRIVATE_EXTERN = NO;
				GCC_WARN_64_TO_32_BIT_CONVERSION = YES;
				GCC_WARN_ABOUT_RETURN_TYPE = YES_ERROR;
				GCC_WARN_UNDECLARED_SELECTOR = YES;
				GCC_WARN_UNINITIALIZED_AUTOS = YES_AGGRESSIVE;
				GCC_WARN_UNUSED_FUNCTION = YES;
				GCC_WARN_UNUSED_VARIABLE = YES;
				IPHONEOS_DEPLOYMENT_TARGET = 7.1;
				ONLY_ACTIVE_ARCH = YES;
				SDKROOT = iphoneos;
			};
			name = Debug;
		};
		4502ED2618D232140054451D /* Release */ = {
			isa = XCBuildConfiguration;
			buildSettings = {
				ALWAYS_SEARCH_USER_PATHS = NO;
				CLANG_CXX_LANGUAGE_STANDARD = "gnu++0x";
				CLANG_CXX_LIBRARY = "libc++";
				CLANG_ENABLE_MODULES = YES;
				CLANG_ENABLE_OBJC_ARC = YES;
				CLANG_WARN_BOOL_CONVERSION = YES;
				CLANG_WARN_CONSTANT_CONVERSION = YES;
				CLANG_WARN_DIRECT_OBJC_ISA_USAGE = YES_ERROR;
				CLANG_WARN_EMPTY_BODY = YES;
				CLANG_WARN_ENUM_CONVERSION = YES;
				CLANG_WARN_INT_CONVERSION = YES;
				CLANG_WARN_OBJC_ROOT_CLASS = YES_ERROR;
				CLANG_WARN__DUPLICATE_METHOD_MATCH = YES;
				"CODE_SIGN_IDENTITY[sdk=iphoneos*]" = "iPhone Developer";
				COPY_PHASE_STRIP = YES;
				ENABLE_NS_ASSERTIONS = NO;
				GCC_C_LANGUAGE_STANDARD = gnu99;
				GCC_WARN_64_TO_32_BIT_CONVERSION = YES;
				GCC_WARN_ABOUT_RETURN_TYPE = YES_ERROR;
				GCC_WARN_UNDECLARED_SELECTOR = YES;
				GCC_WARN_UNINITIALIZED_AUTOS = YES_AGGRESSIVE;
				GCC_WARN_UNUSED_FUNCTION = YES;
				GCC_WARN_UNUSED_VARIABLE = YES;
				IPHONEOS_DEPLOYMENT_TARGET = 7.1;
				SDKROOT = iphoneos;
				VALIDATE_PRODUCT = YES;
			};
			name = Release;
		};
		4502ED2818D232140054451D /* Debug */ = {
			isa = XCBuildConfiguration;
			buildSettings = {
				ASSETCATALOG_COMPILER_APPICON_NAME = AppIcon;
				ASSETCATALOG_COMPILER_LAUNCHIMAGE_NAME = LaunchImage;
				GCC_PRECOMPILE_PREFIX_HEADER = YES;
				GCC_PREFIX_HEADER = MarkupLabel/Prefix.pch;
				INFOPLIST_FILE = MarkupLabel/Info.plist;
				PRODUCT_NAME = MarkupLabel;
				WRAPPER_EXTENSION = app;
			};
			name = Debug;
		};
		4502ED2918D232140054451D /* Release */ = {
			isa = XCBuildConfiguration;
			buildSettings = {
				ASSETCATALOG_COMPILER_APPICON_NAME = AppIcon;
				ASSETCATALOG_COMPILER_LAUNCHIMAGE_NAME = LaunchImage;
				GCC_PRECOMPILE_PREFIX_HEADER = YES;
				GCC_PREFIX_HEADER = MarkupLabel/Prefix.pch;
				INFOPLIST_FILE = MarkupLabel/Info.plist;
				PRODUCT_NAME = MarkupLabel;
				WRAPPER_EXTENSION = app;
			};
			name = Release;
		};
		4502ED2B18D232140054451D /* Debug */ = {
			isa = XCBuildConfiguration;
			buildSettings = {
				BUNDLE_LOADER = "$(BUILT_PRODUCTS_DIR)/MarkupLabel.app/MarkupLabel";
				FRAMEWORK_SEARCH_PATHS = (
					"$(SDKROOT)/Developer/Library/Frameworks",
					"$(inherited)",
					"$(DEVELOPER_FRAMEWORKS_DIR)",
				);
				GCC_PRECOMPILE_PREFIX_HEADER = YES;
				GCC_PREFIX_HEADER = "CoreTextHTML/CoreTextHTML-Prefix.pch";
				GCC_PREPROCESSOR_DEFINITIONS = (
					"DEBUG=1",
					"$(inherited)",
				);
				INFOPLIST_FILE = "CoreTextHTMLTests/MarkupLabelTests-Info.plist";
				PRODUCT_NAME = MarkupLabelTests;
				TEST_HOST = "$(BUNDLE_LOADER)";
				WRAPPER_EXTENSION = xctest;
			};
			name = Debug;
		};
		4502ED2C18D232140054451D /* Release */ = {
			isa = XCBuildConfiguration;
			buildSettings = {
				BUNDLE_LOADER = "$(BUILT_PRODUCTS_DIR)/MarkupLabel.app/MarkupLabel";
				FRAMEWORK_SEARCH_PATHS = (
					"$(SDKROOT)/Developer/Library/Frameworks",
					"$(inherited)",
					"$(DEVELOPER_FRAMEWORKS_DIR)",
				);
				GCC_PRECOMPILE_PREFIX_HEADER = YES;
				GCC_PREFIX_HEADER = "CoreTextHTML/CoreTextHTML-Prefix.pch";
				INFOPLIST_FILE = "CoreTextHTMLTests/MarkupLabelTests-Info.plist";
				PRODUCT_NAME = MarkupLabelTests;
				TEST_HOST = "$(BUNDLE_LOADER)";
				WRAPPER_EXTENSION = xctest;
			};
			name = Release;
		};
		45906AA718D246D5008BC71D /* Debug */ = {
			isa = XCBuildConfiguration;
			buildSettings = {
				PRODUCT_NAME = "$(TARGET_NAME)";
			};
			name = Debug;
		};
		45906AA818D246D5008BC71D /* Release */ = {
			isa = XCBuildConfiguration;
			buildSettings = {
				PRODUCT_NAME = "$(TARGET_NAME)";
			};
			name = Release;
		};
/* End XCBuildConfiguration section */

/* Begin XCConfigurationList section */
		4502ECF018D232130054451D /* Build configuration list for PBXProject "MarkupLabel" */ = {
			isa = XCConfigurationList;
			buildConfigurations = (
				4502ED2518D232140054451D /* Debug */,
				4502ED2618D232140054451D /* Release */,
			);
			defaultConfigurationIsVisible = 0;
			defaultConfigurationName = Release;
		};
		4502ED2718D232140054451D /* Build configuration list for PBXNativeTarget "MarkupLabel" */ = {
			isa = XCConfigurationList;
			buildConfigurations = (
				4502ED2818D232140054451D /* Debug */,
				4502ED2918D232140054451D /* Release */,
			);
			defaultConfigurationIsVisible = 0;
			defaultConfigurationName = Release;
		};
		4502ED2A18D232140054451D /* Build configuration list for PBXNativeTarget "MarkupLabelTests" */ = {
			isa = XCConfigurationList;
			buildConfigurations = (
				4502ED2B18D232140054451D /* Debug */,
				4502ED2C18D232140054451D /* Release */,
			);
			defaultConfigurationIsVisible = 0;
			defaultConfigurationName = Release;
		};
		45906AA918D246D5008BC71D /* Build configuration list for PBXAggregateTarget "All" */ = {
			isa = XCConfigurationList;
			buildConfigurations = (
				45906AA718D246D5008BC71D /* Debug */,
				45906AA818D246D5008BC71D /* Release */,
			);
			defaultConfigurationIsVisible = 0;
			defaultConfigurationName = Release;
		};
/* End XCConfigurationList section */
	};
	rootObject = 4502ECED18D232130054451D /* Project object */;
}
